// !$*UTF8*$!
{
	archiveVersion = 1;
	classes = {
	};
	objectVersion = 56;
	objects = {

/* Begin PBXBuildFile section */
		AF0FA04B2859355B008317F7 /* LoadableObject.swift in Sources */ = {isa = PBXBuildFile; fileRef = AF0FA04A2859355B008317F7 /* LoadableObject.swift */; };
		AF0FA04D285954F1008317F7 /* DNFLoadingView.swift in Sources */ = {isa = PBXBuildFile; fileRef = AF0FA04C285954F1008317F7 /* DNFLoadingView.swift */; };
		AF458473285DFE57007C7834 /* ViewExtensions.swift in Sources */ = {isa = PBXBuildFile; fileRef = AF458472285DFE57007C7834 /* ViewExtensions.swift */; };
		AF458475285E025B007C7834 /* ErrorViewModel.swift in Sources */ = {isa = PBXBuildFile; fileRef = AF458474285E025B007C7834 /* ErrorViewModel.swift */; };
		AF4B8BEF2864AE520041B6FC /* DNFMapView.swift in Sources */ = {isa = PBXBuildFile; fileRef = AF4B8BEE2864AE520041B6FC /* DNFMapView.swift */; };
		AF4D755B28574D2C001A27EE /* AuthStateViewModel.swift in Sources */ = {isa = PBXBuildFile; fileRef = AF4D755A28574D2C001A27EE /* AuthStateViewModel.swift */; };
		AF4D755E28574F5E001A27EE /* ProfileView.swift in Sources */ = {isa = PBXBuildFile; fileRef = AF4D755D28574F5E001A27EE /* ProfileView.swift */; };
		AF4D756028576A89001A27EE /* ProfileViewModel.swift in Sources */ = {isa = PBXBuildFile; fileRef = AF4D755F28576A89001A27EE /* ProfileViewModel.swift */; };
		AF70373C2857E14700563BB8 /* StravaAthleteStatsData.swift in Sources */ = {isa = PBXBuildFile; fileRef = AF70373B2857E14700563BB8 /* StravaAthleteStatsData.swift */; };
		AF70373E2857E2ED00563BB8 /* StravaActivityEndpoint.swift in Sources */ = {isa = PBXBuildFile; fileRef = AF70373D2857E2ED00563BB8 /* StravaActivityEndpoint.swift */; };
		AF7037412857E54D00563BB8 /* MainTabView.swift in Sources */ = {isa = PBXBuildFile; fileRef = AF7037402857E54D00563BB8 /* MainTabView.swift */; };
		AF7037442857E71400563BB8 /* TodayView.swift in Sources */ = {isa = PBXBuildFile; fileRef = AF7037432857E71400563BB8 /* TodayView.swift */; };
		AF7037482857E80C00563BB8 /* StravaActivityData.swift in Sources */ = {isa = PBXBuildFile; fileRef = AF7037472857E80C00563BB8 /* StravaActivityData.swift */; };
		AF70374C28589D7D00563BB8 /* StatsView.swift in Sources */ = {isa = PBXBuildFile; fileRef = AF70374B28589D7D00563BB8 /* StatsView.swift */; };
		AF70374E28589D9400563BB8 /* StatsViewModel.swift in Sources */ = {isa = PBXBuildFile; fileRef = AF70374D28589D9400563BB8 /* StatsViewModel.swift */; };
		AF7037502858BD3000563BB8 /* ActivityViewModel.swift in Sources */ = {isa = PBXBuildFile; fileRef = AF70374F2858BD3000563BB8 /* ActivityViewModel.swift */; };
		AF717BD82851759F0011D0EE /* DNFApp.swift in Sources */ = {isa = PBXBuildFile; fileRef = AF717BD72851759F0011D0EE /* DNFApp.swift */; };
		AF717BDA2851759F0011D0EE /* StravaOAuthView.swift in Sources */ = {isa = PBXBuildFile; fileRef = AF717BD92851759F0011D0EE /* StravaOAuthView.swift */; };
		AF717BDC2851759F0011D0EE /* Assets.xcassets in Resources */ = {isa = PBXBuildFile; fileRef = AF717BDB2851759F0011D0EE /* Assets.xcassets */; };
		AF717BDF2851759F0011D0EE /* Preview Assets.xcassets in Resources */ = {isa = PBXBuildFile; fileRef = AF717BDE2851759F0011D0EE /* Preview Assets.xcassets */; };
		AF717BE928517B450011D0EE /* NetworkConfiguration.plist in Resources */ = {isa = PBXBuildFile; fileRef = AF717BE828517B450011D0EE /* NetworkConfiguration.plist */; };
		AF84673F28529C33009FAD23 /* FileManager.swift in Sources */ = {isa = PBXBuildFile; fileRef = AF84673E28529C33009FAD23 /* FileManager.swift */; };
		AF8467422852A83D009FAD23 /* DNFButton.swift in Sources */ = {isa = PBXBuildFile; fileRef = AF8467412852A83D009FAD23 /* DNFButton.swift */; };
		AF84674B2852BC2E009FAD23 /* StravaOAuthViewModel.swift in Sources */ = {isa = PBXBuildFile; fileRef = AF84674A2852BC2E009FAD23 /* StravaOAuthViewModel.swift */; };
		AF84674D2852BE54009FAD23 /* StravaAuthEndpoint.swift in Sources */ = {isa = PBXBuildFile; fileRef = AF84674C2852BE54009FAD23 /* StravaAuthEndpoint.swift */; };
		AF8467502852CA4F009FAD23 /* DNFLogger.swift in Sources */ = {isa = PBXBuildFile; fileRef = AF84674F2852CA4F009FAD23 /* DNFLogger.swift */; };
		AF846754285362EA009FAD23 /* AuthManager.swift in Sources */ = {isa = PBXBuildFile; fileRef = AF846753285362EA009FAD23 /* AuthManager.swift */; };
		AF8467592853785D009FAD23 /* StravaTokenEndpoint.swift in Sources */ = {isa = PBXBuildFile; fileRef = AF8467582853785D009FAD23 /* StravaTokenEndpoint.swift */; };
		AF8626A62853DE1D0079D911 /* FoundationExtensions.swift in Sources */ = {isa = PBXBuildFile; fileRef = AF8626A52853DE1D0079D911 /* FoundationExtensions.swift */; };
		AF8626A92853E03A0079D911 /* RequestError.swift in Sources */ = {isa = PBXBuildFile; fileRef = AF8626A82853E03A0079D911 /* RequestError.swift */; };
		AF8626AB2853E0A10079D911 /* StravaAthleteEndpoint.swift in Sources */ = {isa = PBXBuildFile; fileRef = AF8626AA2853E0A10079D911 /* StravaAthleteEndpoint.swift */; };
		AF8626AD2853E1BF0079D911 /* StravaNetworkDispatch.swift in Sources */ = {isa = PBXBuildFile; fileRef = AF8626AC2853E1BF0079D911 /* StravaNetworkDispatch.swift */; };
		AF8626B22853E2400079D911 /* StravaTokenData.swift in Sources */ = {isa = PBXBuildFile; fileRef = AF8626B12853E2400079D911 /* StravaTokenData.swift */; };
		AF8626B628562A290079D911 /* KeychainManager.swift in Sources */ = {isa = PBXBuildFile; fileRef = AF8626B528562A290079D911 /* KeychainManager.swift */; };
		AF8626B8285649EF0079D911 /* StravaAPIConfiguration.swift in Sources */ = {isa = PBXBuildFile; fileRef = AF8626B7285649EF0079D911 /* StravaAPIConfiguration.swift */; };
		AF8626BA2856A1730079D911 /* StravaAthleteData.swift in Sources */ = {isa = PBXBuildFile; fileRef = AF8626B92856A1730079D911 /* StravaAthleteData.swift */; };
		AF9228CE285B5B4F000CFA03 /* HikeView.swift in Sources */ = {isa = PBXBuildFile; fileRef = AF9228CD285B5B4F000CFA03 /* HikeView.swift */; };
		AF9789BC28520F98003BD82F /* Endpoint.swift in Sources */ = {isa = PBXBuildFile; fileRef = AF9789BB28520F98003BD82F /* Endpoint.swift */; };
		AFBD40A8286514FF00117D9F /* Polyline in Frameworks */ = {isa = PBXBuildFile; productRef = AFBD40A7286514FF00117D9F /* Polyline */; };
		AFBD40AA28651C6400117D9F /* TodayViewModel.swift in Sources */ = {isa = PBXBuildFile; fileRef = AFBD40A928651C6400117D9F /* TodayViewModel.swift */; };
		AFE32444287B51A800BBD23F /* ListView.swift in Sources */ = {isa = PBXBuildFile; fileRef = AFE32443287B51A800BBD23F /* ListView.swift */; };
		AFE32446287B549B00BBD23F /* DNFPreferences.swift in Sources */ = {isa = PBXBuildFile; fileRef = AFE32445287B549B00BBD23F /* DNFPreferences.swift */; };
		AFE32448287B563800BBD23F /* DNFText.swift in Sources */ = {isa = PBXBuildFile; fileRef = AFE32447287B563800BBD23F /* DNFText.swift */; };
/* End PBXBuildFile section */

/* Begin PBXFileReference section */
		AF0FA04A2859355B008317F7 /* LoadableObject.swift */ = {isa = PBXFileReference; lastKnownFileType = sourcecode.swift; path = LoadableObject.swift; sourceTree = "<group>"; };
		AF0FA04C285954F1008317F7 /* DNFLoadingView.swift */ = {isa = PBXFileReference; lastKnownFileType = sourcecode.swift; path = DNFLoadingView.swift; sourceTree = "<group>"; };
		AF458472285DFE57007C7834 /* ViewExtensions.swift */ = {isa = PBXFileReference; lastKnownFileType = sourcecode.swift; path = ViewExtensions.swift; sourceTree = "<group>"; };
		AF458474285E025B007C7834 /* ErrorViewModel.swift */ = {isa = PBXFileReference; lastKnownFileType = sourcecode.swift; path = ErrorViewModel.swift; sourceTree = "<group>"; };
		AF4B8BEE2864AE520041B6FC /* DNFMapView.swift */ = {isa = PBXFileReference; lastKnownFileType = sourcecode.swift; path = DNFMapView.swift; sourceTree = "<group>"; };
		AF4D755A28574D2C001A27EE /* AuthStateViewModel.swift */ = {isa = PBXFileReference; lastKnownFileType = sourcecode.swift; path = AuthStateViewModel.swift; sourceTree = "<group>"; };
		AF4D755D28574F5E001A27EE /* ProfileView.swift */ = {isa = PBXFileReference; lastKnownFileType = sourcecode.swift; path = ProfileView.swift; sourceTree = "<group>"; };
		AF4D755F28576A89001A27EE /* ProfileViewModel.swift */ = {isa = PBXFileReference; lastKnownFileType = sourcecode.swift; path = ProfileViewModel.swift; sourceTree = "<group>"; };
		AF70373B2857E14700563BB8 /* StravaAthleteStatsData.swift */ = {isa = PBXFileReference; lastKnownFileType = sourcecode.swift; path = StravaAthleteStatsData.swift; sourceTree = "<group>"; };
		AF70373D2857E2ED00563BB8 /* StravaActivityEndpoint.swift */ = {isa = PBXFileReference; lastKnownFileType = sourcecode.swift; path = StravaActivityEndpoint.swift; sourceTree = "<group>"; };
		AF7037402857E54D00563BB8 /* MainTabView.swift */ = {isa = PBXFileReference; lastKnownFileType = sourcecode.swift; path = MainTabView.swift; sourceTree = "<group>"; };
		AF7037432857E71400563BB8 /* TodayView.swift */ = {isa = PBXFileReference; lastKnownFileType = sourcecode.swift; path = TodayView.swift; sourceTree = "<group>"; };
		AF7037472857E80C00563BB8 /* StravaActivityData.swift */ = {isa = PBXFileReference; lastKnownFileType = sourcecode.swift; path = StravaActivityData.swift; sourceTree = "<group>"; };
		AF70374B28589D7D00563BB8 /* StatsView.swift */ = {isa = PBXFileReference; lastKnownFileType = sourcecode.swift; path = StatsView.swift; sourceTree = "<group>"; };
		AF70374D28589D9400563BB8 /* StatsViewModel.swift */ = {isa = PBXFileReference; lastKnownFileType = sourcecode.swift; path = StatsViewModel.swift; sourceTree = "<group>"; };
		AF70374F2858BD3000563BB8 /* ActivityViewModel.swift */ = {isa = PBXFileReference; lastKnownFileType = sourcecode.swift; path = ActivityViewModel.swift; sourceTree = "<group>"; };
		AF717BD42851759F0011D0EE /* DNF.app */ = {isa = PBXFileReference; explicitFileType = wrapper.application; includeInIndex = 0; path = DNF.app; sourceTree = BUILT_PRODUCTS_DIR; };
		AF717BD72851759F0011D0EE /* DNFApp.swift */ = {isa = PBXFileReference; lastKnownFileType = sourcecode.swift; path = DNFApp.swift; sourceTree = "<group>"; };
		AF717BD92851759F0011D0EE /* StravaOAuthView.swift */ = {isa = PBXFileReference; lastKnownFileType = sourcecode.swift; path = StravaOAuthView.swift; sourceTree = "<group>"; };
		AF717BDB2851759F0011D0EE /* Assets.xcassets */ = {isa = PBXFileReference; lastKnownFileType = folder.assetcatalog; path = Assets.xcassets; sourceTree = "<group>"; };
		AF717BDE2851759F0011D0EE /* Preview Assets.xcassets */ = {isa = PBXFileReference; lastKnownFileType = folder.assetcatalog; path = "Preview Assets.xcassets"; sourceTree = "<group>"; };
		AF717BE828517B450011D0EE /* NetworkConfiguration.plist */ = {isa = PBXFileReference; lastKnownFileType = text.plist.xml; path = NetworkConfiguration.plist; sourceTree = "<group>"; };
		AF84673E28529C33009FAD23 /* FileManager.swift */ = {isa = PBXFileReference; lastKnownFileType = sourcecode.swift; path = FileManager.swift; sourceTree = "<group>"; };
		AF8467412852A83D009FAD23 /* DNFButton.swift */ = {isa = PBXFileReference; lastKnownFileType = sourcecode.swift; path = DNFButton.swift; sourceTree = "<group>"; };
		AF8467472852B1FC009FAD23 /* DNF-Info.plist */ = {isa = PBXFileReference; lastKnownFileType = text.plist.xml; path = "DNF-Info.plist"; sourceTree = "<group>"; };
		AF84674A2852BC2E009FAD23 /* StravaOAuthViewModel.swift */ = {isa = PBXFileReference; lastKnownFileType = sourcecode.swift; path = StravaOAuthViewModel.swift; sourceTree = "<group>"; };
		AF84674C2852BE54009FAD23 /* StravaAuthEndpoint.swift */ = {isa = PBXFileReference; lastKnownFileType = sourcecode.swift; path = StravaAuthEndpoint.swift; sourceTree = "<group>"; };
		AF84674F2852CA4F009FAD23 /* DNFLogger.swift */ = {isa = PBXFileReference; lastKnownFileType = sourcecode.swift; path = DNFLogger.swift; sourceTree = "<group>"; };
		AF846753285362EA009FAD23 /* AuthManager.swift */ = {isa = PBXFileReference; lastKnownFileType = sourcecode.swift; path = AuthManager.swift; sourceTree = "<group>"; };
		AF8467582853785D009FAD23 /* StravaTokenEndpoint.swift */ = {isa = PBXFileReference; lastKnownFileType = sourcecode.swift; path = StravaTokenEndpoint.swift; sourceTree = "<group>"; };
		AF8626A52853DE1D0079D911 /* FoundationExtensions.swift */ = {isa = PBXFileReference; lastKnownFileType = sourcecode.swift; path = FoundationExtensions.swift; sourceTree = "<group>"; };
		AF8626A82853E03A0079D911 /* RequestError.swift */ = {isa = PBXFileReference; lastKnownFileType = sourcecode.swift; path = RequestError.swift; sourceTree = "<group>"; };
		AF8626AA2853E0A10079D911 /* StravaAthleteEndpoint.swift */ = {isa = PBXFileReference; lastKnownFileType = sourcecode.swift; path = StravaAthleteEndpoint.swift; sourceTree = "<group>"; };
		AF8626AC2853E1BF0079D911 /* StravaNetworkDispatch.swift */ = {isa = PBXFileReference; lastKnownFileType = sourcecode.swift; path = StravaNetworkDispatch.swift; sourceTree = "<group>"; };
		AF8626B12853E2400079D911 /* StravaTokenData.swift */ = {isa = PBXFileReference; lastKnownFileType = sourcecode.swift; path = StravaTokenData.swift; sourceTree = "<group>"; };
		AF8626B528562A290079D911 /* KeychainManager.swift */ = {isa = PBXFileReference; lastKnownFileType = sourcecode.swift; path = KeychainManager.swift; sourceTree = "<group>"; };
		AF8626B7285649EF0079D911 /* StravaAPIConfiguration.swift */ = {isa = PBXFileReference; lastKnownFileType = sourcecode.swift; path = StravaAPIConfiguration.swift; sourceTree = "<group>"; };
		AF8626B92856A1730079D911 /* StravaAthleteData.swift */ = {isa = PBXFileReference; lastKnownFileType = sourcecode.swift; path = StravaAthleteData.swift; sourceTree = "<group>"; };
		AF9228CD285B5B4F000CFA03 /* HikeView.swift */ = {isa = PBXFileReference; lastKnownFileType = sourcecode.swift; path = HikeView.swift; sourceTree = "<group>"; };
		AF9789BB28520F98003BD82F /* Endpoint.swift */ = {isa = PBXFileReference; lastKnownFileType = sourcecode.swift; path = Endpoint.swift; sourceTree = "<group>"; };
		AFBD40A928651C6400117D9F /* TodayViewModel.swift */ = {isa = PBXFileReference; lastKnownFileType = sourcecode.swift; path = TodayViewModel.swift; sourceTree = "<group>"; };
		AFE32443287B51A800BBD23F /* ListView.swift */ = {isa = PBXFileReference; lastKnownFileType = sourcecode.swift; path = ListView.swift; sourceTree = "<group>"; };
		AFE32445287B549B00BBD23F /* DNFPreferences.swift */ = {isa = PBXFileReference; lastKnownFileType = sourcecode.swift; path = DNFPreferences.swift; sourceTree = "<group>"; };
		AFE32447287B563800BBD23F /* DNFText.swift */ = {isa = PBXFileReference; lastKnownFileType = sourcecode.swift; path = DNFText.swift; sourceTree = "<group>"; };
/* End PBXFileReference section */

/* Begin PBXFrameworksBuildPhase section */
		AF717BD12851759F0011D0EE /* Frameworks */ = {
			isa = PBXFrameworksBuildPhase;
			buildActionMask = 2147483647;
			files = (
				AFBD40A8286514FF00117D9F /* Polyline in Frameworks */,
			);
			runOnlyForDeploymentPostprocessing = 0;
		};
/* End PBXFrameworksBuildPhase section */

/* Begin PBXGroup section */
		AF3D62C728859A0200754CE2 /* Views */ = {
			isa = PBXGroup;
			children = (
				AF8467462852AFC4009FAD23 /* Screens */,
				AF8467402852A81D009FAD23 /* DNF Views */,
			);
			path = Views;
			sourceTree = "<group>";
		};
		AF3D62C828859A2E00754CE2 /* Models */ = {
			isa = PBXGroup;
			children = (
				AF8626B02853E2330079D911 /* Strava */,
			);
			path = Models;
			sourceTree = "<group>";
		};
		AF3D62C928859A3E00754CE2 /* Services */ = {
			isa = PBXGroup;
			children = (
				AF846752285362BB009FAD23 /* Authentication */,
				AF9789B928520BFC003BD82F /* Network */,
			);
			path = Services;
			sourceTree = "<group>";
		};
		AF4D755C28574F50001A27EE /* Profile */ = {
			isa = PBXGroup;
			children = (
				AF4D755D28574F5E001A27EE /* ProfileView.swift */,
				AF4D755F28576A89001A27EE /* ProfileViewModel.swift */,
			);
			path = Profile;
			sourceTree = "<group>";
		};
		AF70373F2857E53F00563BB8 /* Main Tab */ = {
			isa = PBXGroup;
			children = (
				AF7037402857E54D00563BB8 /* MainTabView.swift */,
				AF70374F2858BD3000563BB8 /* ActivityViewModel.swift */,
			);
			path = "Main Tab";
			sourceTree = "<group>";
		};
		AF7037422857E59700563BB8 /* Today */ = {
			isa = PBXGroup;
			children = (
				AF7037432857E71400563BB8 /* TodayView.swift */,
				AFBD40A928651C6400117D9F /* TodayViewModel.swift */,
			);
			path = Today;
			sourceTree = "<group>";
		};
		AF70374A28589D6600563BB8 /* Stats */ = {
			isa = PBXGroup;
			children = (
				AF70374B28589D7D00563BB8 /* StatsView.swift */,
				AF70374D28589D9400563BB8 /* StatsViewModel.swift */,
			);
			path = Stats;
			sourceTree = "<group>";
		};
		AF717BCB2851759F0011D0EE = {
			isa = PBXGroup;
			children = (
				AF717BD62851759F0011D0EE /* DNF */,
				AF717BD52851759F0011D0EE /* Products */,
			);
			sourceTree = "<group>";
		};
		AF717BD52851759F0011D0EE /* Products */ = {
			isa = PBXGroup;
			children = (
				AF717BD42851759F0011D0EE /* DNF.app */,
			);
			name = Products;
			sourceTree = "<group>";
		};
		AF717BD62851759F0011D0EE /* DNF */ = {
			isa = PBXGroup;
			children = (
				AF717BD72851759F0011D0EE /* DNFApp.swift */,
				AF3D62C728859A0200754CE2 /* Views */,
				AF3D62C828859A2E00754CE2 /* Models */,
				AF3D62C928859A3E00754CE2 /* Services */,
				AF84673D28529C23009FAD23 /* Utilities */,
				AF717BE528517A8E0011D0EE /* Resources */,
				AF717BDD2851759F0011D0EE /* Preview Content */,
			);
			path = DNF;
			sourceTree = "<group>";
		};
		AF717BDD2851759F0011D0EE /* Preview Content */ = {
			isa = PBXGroup;
			children = (
				AF717BDE2851759F0011D0EE /* Preview Assets.xcassets */,
			);
			path = "Preview Content";
			sourceTree = "<group>";
		};
		AF717BE528517A8E0011D0EE /* Resources */ = {
			isa = PBXGroup;
			children = (
				AF8467472852B1FC009FAD23 /* DNF-Info.plist */,
				AF717BE828517B450011D0EE /* NetworkConfiguration.plist */,
				AF717BDB2851759F0011D0EE /* Assets.xcassets */,
			);
			path = Resources;
			sourceTree = "<group>";
		};
		AF84673D28529C23009FAD23 /* Utilities */ = {
			isa = PBXGroup;
			children = (
				AF84673E28529C33009FAD23 /* FileManager.swift */,
				AF84674F2852CA4F009FAD23 /* DNFLogger.swift */,
				AFE32445287B549B00BBD23F /* DNFPreferences.swift */,
				AF8626A72853DE230079D911 /* Extensions */,
			);
			path = Utilities;
			sourceTree = "<group>";
		};
		AF8467402852A81D009FAD23 /* DNF Views */ = {
			isa = PBXGroup;
			children = (
				AF8467412852A83D009FAD23 /* DNFButton.swift */,
				AFE32447287B563800BBD23F /* DNFText.swift */,
				AF0FA04C285954F1008317F7 /* DNFLoadingView.swift */,
				AF4B8BEE2864AE520041B6FC /* DNFMapView.swift */,
			);
			path = "DNF Views";
			sourceTree = "<group>";
		};
		AF8467462852AFC4009FAD23 /* Screens */ = {
			isa = PBXGroup;
			children = (
				AF8467482852BC0B009FAD23 /* Auth */,
				AF70373F2857E53F00563BB8 /* Main Tab */,
				AF7037422857E59700563BB8 /* Today */,
				AF70374A28589D6600563BB8 /* Stats */,
				AF9228CA285B5B26000CFA03 /* Hike */,
				AF4D755C28574F50001A27EE /* Profile */,
				AFE32442287B518300BBD23F /* List */,
			);
			path = Screens;
			sourceTree = "<group>";
		};
		AF8467482852BC0B009FAD23 /* Auth */ = {
			isa = PBXGroup;
			children = (
				AF717BD92851759F0011D0EE /* StravaOAuthView.swift */,
				AF84674A2852BC2E009FAD23 /* StravaOAuthViewModel.swift */,
			);
			path = Auth;
			sourceTree = "<group>";
		};
		AF84674E2852BE58009FAD23 /* Endpoints */ = {
			isa = PBXGroup;
			children = (
				AF84674C2852BE54009FAD23 /* StravaAuthEndpoint.swift */,
				AF8467582853785D009FAD23 /* StravaTokenEndpoint.swift */,
				AF8626AA2853E0A10079D911 /* StravaAthleteEndpoint.swift */,
				AF70373D2857E2ED00563BB8 /* StravaActivityEndpoint.swift */,
			);
			path = Endpoints;
			sourceTree = "<group>";
		};
		AF846752285362BB009FAD23 /* Authentication */ = {
			isa = PBXGroup;
			children = (
				AF846753285362EA009FAD23 /* AuthManager.swift */,
				AF4D755A28574D2C001A27EE /* AuthStateViewModel.swift */,
				AF8626B7285649EF0079D911 /* StravaAPIConfiguration.swift */,
				AF8626B528562A290079D911 /* KeychainManager.swift */,
			);
			path = Authentication;
			sourceTree = "<group>";
		};
		AF8626A72853DE230079D911 /* Extensions */ = {
			isa = PBXGroup;
			children = (
				AF8626A52853DE1D0079D911 /* FoundationExtensions.swift */,
				AF458472285DFE57007C7834 /* ViewExtensions.swift */,
			);
			path = Extensions;
			sourceTree = "<group>";
		};
		AF8626B02853E2330079D911 /* Strava */ = {
			isa = PBXGroup;
			children = (
				AF8626B12853E2400079D911 /* StravaTokenData.swift */,
				AF8626B92856A1730079D911 /* StravaAthleteData.swift */,
				AF70373B2857E14700563BB8 /* StravaAthleteStatsData.swift */,
				AF7037472857E80C00563BB8 /* StravaActivityData.swift */,
			);
			path = Strava;
			sourceTree = "<group>";
		};
		AF9228CA285B5B26000CFA03 /* Hike */ = {
			isa = PBXGroup;
			children = (
				AF9228CD285B5B4F000CFA03 /* HikeView.swift */,
			);
			path = Hike;
			sourceTree = "<group>";
		};
		AF9789B928520BFC003BD82F /* Network */ = {
			isa = PBXGroup;
			children = (
				AF8626AC2853E1BF0079D911 /* StravaNetworkDispatch.swift */,
				AF9789BA28520F4A003BD82F /* Base */,
				AF84674E2852BE58009FAD23 /* Endpoints */,
			);
			path = Network;
			sourceTree = "<group>";
		};
		AF9789BA28520F4A003BD82F /* Base */ = {
			isa = PBXGroup;
			children = (
				AF9789BB28520F98003BD82F /* Endpoint.swift */,
				AF8626A82853E03A0079D911 /* RequestError.swift */,
				AF0FA04A2859355B008317F7 /* LoadableObject.swift */,
				AF458474285E025B007C7834 /* ErrorViewModel.swift */,
			);
			path = Base;
			sourceTree = "<group>";
		};
		AFE32442287B518300BBD23F /* List */ = {
			isa = PBXGroup;
			children = (
				AFE32443287B51A800BBD23F /* ListView.swift */,
			);
			path = List;
			sourceTree = "<group>";
		};
/* End PBXGroup section */

/* Begin PBXNativeTarget section */
		AF717BD32851759F0011D0EE /* DNF */ = {
			isa = PBXNativeTarget;
			buildConfigurationList = AF717BE22851759F0011D0EE /* Build configuration list for PBXNativeTarget "DNF" */;
			buildPhases = (
				AF717BD02851759F0011D0EE /* Sources */,
				AF717BD12851759F0011D0EE /* Frameworks */,
				AF717BD22851759F0011D0EE /* Resources */,
			);
			buildRules = (
			);
			dependencies = (
			);
			name = DNF;
			packageProductDependencies = (
				AFBD40A7286514FF00117D9F /* Polyline */,
			);
			productName = DNF;
			productReference = AF717BD42851759F0011D0EE /* DNF.app */;
			productType = "com.apple.product-type.application";
		};
/* End PBXNativeTarget section */

/* Begin PBXProject section */
		AF717BCC2851759F0011D0EE /* Project object */ = {
			isa = PBXProject;
			attributes = {
				BuildIndependentTargetsInParallel = 1;
				LastSwiftUpdateCheck = 1400;
				LastUpgradeCheck = 1400;
				TargetAttributes = {
					AF717BD32851759F0011D0EE = {
						CreatedOnToolsVersion = 14.0;
					};
				};
			};
			buildConfigurationList = AF717BCF2851759F0011D0EE /* Build configuration list for PBXProject "DNF" */;
			compatibilityVersion = "Xcode 14.0";
			developmentRegion = en;
			hasScannedForEncodings = 0;
			knownRegions = (
				en,
				Base,
			);
			mainGroup = AF717BCB2851759F0011D0EE;
			packageReferences = (
				AFBD40A6286514FF00117D9F /* XCRemoteSwiftPackageReference "Polyline" */,
			);
			productRefGroup = AF717BD52851759F0011D0EE /* Products */;
			projectDirPath = "";
			projectRoot = "";
			targets = (
				AF717BD32851759F0011D0EE /* DNF */,
			);
		};
/* End PBXProject section */

/* Begin PBXResourcesBuildPhase section */
		AF717BD22851759F0011D0EE /* Resources */ = {
			isa = PBXResourcesBuildPhase;
			buildActionMask = 2147483647;
			files = (
				AF717BE928517B450011D0EE /* NetworkConfiguration.plist in Resources */,
				AF717BDF2851759F0011D0EE /* Preview Assets.xcassets in Resources */,
				AF717BDC2851759F0011D0EE /* Assets.xcassets in Resources */,
			);
			runOnlyForDeploymentPostprocessing = 0;
		};
/* End PBXResourcesBuildPhase section */

/* Begin PBXSourcesBuildPhase section */
		AF717BD02851759F0011D0EE /* Sources */ = {
			isa = PBXSourcesBuildPhase;
			buildActionMask = 2147483647;
			files = (
				AF8626AB2853E0A10079D911 /* StravaAthleteEndpoint.swift in Sources */,
				AF717BDA2851759F0011D0EE /* StravaOAuthView.swift in Sources */,
				AF84674B2852BC2E009FAD23 /* StravaOAuthViewModel.swift in Sources */,
				AF8626B8285649EF0079D911 /* StravaAPIConfiguration.swift in Sources */,
				AF8626B22853E2400079D911 /* StravaTokenData.swift in Sources */,
				AF9228CE285B5B4F000CFA03 /* HikeView.swift in Sources */,
				AF7037502858BD3000563BB8 /* ActivityViewModel.swift in Sources */,
				AF8467502852CA4F009FAD23 /* DNFLogger.swift in Sources */,
				AFBD40AA28651C6400117D9F /* TodayViewModel.swift in Sources */,
				AF4D756028576A89001A27EE /* ProfileViewModel.swift in Sources */,
				AF458475285E025B007C7834 /* ErrorViewModel.swift in Sources */,
				AFE32444287B51A800BBD23F /* ListView.swift in Sources */,
				AF846754285362EA009FAD23 /* AuthManager.swift in Sources */,
				AF70374E28589D9400563BB8 /* StatsViewModel.swift in Sources */,
				AF7037442857E71400563BB8 /* TodayView.swift in Sources */,
				AF9789BC28520F98003BD82F /* Endpoint.swift in Sources */,
				AF0FA04B2859355B008317F7 /* LoadableObject.swift in Sources */,
				AF8626B628562A290079D911 /* KeychainManager.swift in Sources */,
				AF717BD82851759F0011D0EE /* DNFApp.swift in Sources */,
				AF70374C28589D7D00563BB8 /* StatsView.swift in Sources */,
				AF7037412857E54D00563BB8 /* MainTabView.swift in Sources */,
				AF8626AD2853E1BF0079D911 /* StravaNetworkDispatch.swift in Sources */,
				AF7037482857E80C00563BB8 /* StravaActivityData.swift in Sources */,
				AF4D755B28574D2C001A27EE /* AuthStateViewModel.swift in Sources */,
				AF8467422852A83D009FAD23 /* DNFButton.swift in Sources */,
				AF458473285DFE57007C7834 /* ViewExtensions.swift in Sources */,
				AFE32448287B563800BBD23F /* DNFText.swift in Sources */,
				AF8626BA2856A1730079D911 /* StravaAthleteData.swift in Sources */,
				AF0FA04D285954F1008317F7 /* DNFLoadingView.swift in Sources */,
				AF4D755E28574F5E001A27EE /* ProfileView.swift in Sources */,
				AF84673F28529C33009FAD23 /* FileManager.swift in Sources */,
				AF8626A92853E03A0079D911 /* RequestError.swift in Sources */,
				AF70373E2857E2ED00563BB8 /* StravaActivityEndpoint.swift in Sources */,
				AF70373C2857E14700563BB8 /* StravaAthleteStatsData.swift in Sources */,
				AF84674D2852BE54009FAD23 /* StravaAuthEndpoint.swift in Sources */,
				AF4B8BEF2864AE520041B6FC /* DNFMapView.swift in Sources */,
				AFE32446287B549B00BBD23F /* DNFPreferences.swift in Sources */,
				AF8626A62853DE1D0079D911 /* FoundationExtensions.swift in Sources */,
				AF8467592853785D009FAD23 /* StravaTokenEndpoint.swift in Sources */,
			);
			runOnlyForDeploymentPostprocessing = 0;
		};
/* End PBXSourcesBuildPhase section */

/* Begin XCBuildConfiguration section */
		AF717BE02851759F0011D0EE /* Debug */ = {
			isa = XCBuildConfiguration;
			buildSettings = {
				ALWAYS_SEARCH_USER_PATHS = NO;
				CLANG_ANALYZER_NONNULL = YES;
				CLANG_ANALYZER_NUMBER_OBJECT_CONVERSION = YES_AGGRESSIVE;
				CLANG_CXX_LANGUAGE_STANDARD = "gnu++17";
				CLANG_ENABLE_MODULES = YES;
				CLANG_ENABLE_OBJC_ARC = YES;
				CLANG_ENABLE_OBJC_WEAK = YES;
				CLANG_WARN_BLOCK_CAPTURE_AUTORELEASING = YES;
				CLANG_WARN_BOOL_CONVERSION = YES;
				CLANG_WARN_COMMA = YES;
				CLANG_WARN_CONSTANT_CONVERSION = YES;
				CLANG_WARN_DEPRECATED_OBJC_IMPLEMENTATIONS = YES;
				CLANG_WARN_DIRECT_OBJC_ISA_USAGE = YES_ERROR;
				CLANG_WARN_DOCUMENTATION_COMMENTS = YES;
				CLANG_WARN_EMPTY_BODY = YES;
				CLANG_WARN_ENUM_CONVERSION = YES;
				CLANG_WARN_INFINITE_RECURSION = YES;
				CLANG_WARN_INT_CONVERSION = YES;
				CLANG_WARN_NON_LITERAL_NULL_CONVERSION = YES;
				CLANG_WARN_OBJC_IMPLICIT_RETAIN_SELF = YES;
				CLANG_WARN_OBJC_LITERAL_CONVERSION = YES;
				CLANG_WARN_OBJC_ROOT_CLASS = YES_ERROR;
				CLANG_WARN_QUOTED_INCLUDE_IN_FRAMEWORK_HEADER = YES;
				CLANG_WARN_RANGE_LOOP_ANALYSIS = YES;
				CLANG_WARN_STRICT_PROTOTYPES = YES;
				CLANG_WARN_SUSPICIOUS_MOVE = YES;
				CLANG_WARN_UNGUARDED_AVAILABILITY = YES_AGGRESSIVE;
				CLANG_WARN_UNREACHABLE_CODE = YES;
				CLANG_WARN__DUPLICATE_METHOD_MATCH = YES;
				COPY_PHASE_STRIP = NO;
				DEBUG_INFORMATION_FORMAT = dwarf;
				ENABLE_STRICT_OBJC_MSGSEND = YES;
				ENABLE_TESTABILITY = YES;
				GCC_C_LANGUAGE_STANDARD = gnu11;
				GCC_DYNAMIC_NO_PIC = NO;
				GCC_NO_COMMON_BLOCKS = YES;
				GCC_OPTIMIZATION_LEVEL = 0;
				GCC_PREPROCESSOR_DEFINITIONS = (
					"DEBUG=1",
					"$(inherited)",
				);
				GCC_WARN_64_TO_32_BIT_CONVERSION = YES;
				GCC_WARN_ABOUT_RETURN_TYPE = YES_ERROR;
				GCC_WARN_UNDECLARED_SELECTOR = YES;
				GCC_WARN_UNINITIALIZED_AUTOS = YES_AGGRESSIVE;
				GCC_WARN_UNUSED_FUNCTION = YES;
				GCC_WARN_UNUSED_VARIABLE = YES;
				IPHONEOS_DEPLOYMENT_TARGET = 15.0;
				MTL_ENABLE_DEBUG_INFO = INCLUDE_SOURCE;
				MTL_FAST_MATH = YES;
				ONLY_ACTIVE_ARCH = YES;
				SDKROOT = iphoneos;
				SWIFT_ACTIVE_COMPILATION_CONDITIONS = DEBUG;
				SWIFT_OPTIMIZATION_LEVEL = "-Onone";
			};
			name = Debug;
		};
		AF717BE12851759F0011D0EE /* Release */ = {
			isa = XCBuildConfiguration;
			buildSettings = {
				ALWAYS_SEARCH_USER_PATHS = NO;
				CLANG_ANALYZER_NONNULL = YES;
				CLANG_ANALYZER_NUMBER_OBJECT_CONVERSION = YES_AGGRESSIVE;
				CLANG_CXX_LANGUAGE_STANDARD = "gnu++17";
				CLANG_ENABLE_MODULES = YES;
				CLANG_ENABLE_OBJC_ARC = YES;
				CLANG_ENABLE_OBJC_WEAK = YES;
				CLANG_WARN_BLOCK_CAPTURE_AUTORELEASING = YES;
				CLANG_WARN_BOOL_CONVERSION = YES;
				CLANG_WARN_COMMA = YES;
				CLANG_WARN_CONSTANT_CONVERSION = YES;
				CLANG_WARN_DEPRECATED_OBJC_IMPLEMENTATIONS = YES;
				CLANG_WARN_DIRECT_OBJC_ISA_USAGE = YES_ERROR;
				CLANG_WARN_DOCUMENTATION_COMMENTS = YES;
				CLANG_WARN_EMPTY_BODY = YES;
				CLANG_WARN_ENUM_CONVERSION = YES;
				CLANG_WARN_INFINITE_RECURSION = YES;
				CLANG_WARN_INT_CONVERSION = YES;
				CLANG_WARN_NON_LITERAL_NULL_CONVERSION = YES;
				CLANG_WARN_OBJC_IMPLICIT_RETAIN_SELF = YES;
				CLANG_WARN_OBJC_LITERAL_CONVERSION = YES;
				CLANG_WARN_OBJC_ROOT_CLASS = YES_ERROR;
				CLANG_WARN_QUOTED_INCLUDE_IN_FRAMEWORK_HEADER = YES;
				CLANG_WARN_RANGE_LOOP_ANALYSIS = YES;
				CLANG_WARN_STRICT_PROTOTYPES = YES;
				CLANG_WARN_SUSPICIOUS_MOVE = YES;
				CLANG_WARN_UNGUARDED_AVAILABILITY = YES_AGGRESSIVE;
				CLANG_WARN_UNREACHABLE_CODE = YES;
				CLANG_WARN__DUPLICATE_METHOD_MATCH = YES;
				COPY_PHASE_STRIP = NO;
				DEBUG_INFORMATION_FORMAT = "dwarf-with-dsym";
				ENABLE_NS_ASSERTIONS = NO;
				ENABLE_STRICT_OBJC_MSGSEND = YES;
				GCC_C_LANGUAGE_STANDARD = gnu11;
				GCC_NO_COMMON_BLOCKS = YES;
				GCC_WARN_64_TO_32_BIT_CONVERSION = YES;
				GCC_WARN_ABOUT_RETURN_TYPE = YES_ERROR;
				GCC_WARN_UNDECLARED_SELECTOR = YES;
				GCC_WARN_UNINITIALIZED_AUTOS = YES_AGGRESSIVE;
				GCC_WARN_UNUSED_FUNCTION = YES;
				GCC_WARN_UNUSED_VARIABLE = YES;
				IPHONEOS_DEPLOYMENT_TARGET = 15.0;
				MTL_ENABLE_DEBUG_INFO = NO;
				MTL_FAST_MATH = YES;
				SDKROOT = iphoneos;
				SWIFT_COMPILATION_MODE = wholemodule;
				SWIFT_OPTIMIZATION_LEVEL = "-O";
				VALIDATE_PRODUCT = YES;
			};
			name = Release;
		};
		AF717BE32851759F0011D0EE /* Debug */ = {
			isa = XCBuildConfiguration;
			buildSettings = {
				ASSETCATALOG_COMPILER_APPICON_NAME = AppIcon;
				ASSETCATALOG_COMPILER_GLOBAL_ACCENT_COLOR_NAME = AccentColor;
				CODE_SIGN_STYLE = Automatic;
				CURRENT_PROJECT_VERSION = 1;
				DEVELOPMENT_ASSET_PATHS = "\"DNF/Preview Content\"";
				DEVELOPMENT_TEAM = 3JSTV9NEF8;
				ENABLE_PREVIEWS = YES;
				GENERATE_INFOPLIST_FILE = YES;
				INFOPLIST_FILE = "DNF/Resources/DNF-Info.plist";
				INFOPLIST_KEY_CFBundleDisplayName = DNF;
				INFOPLIST_KEY_UIApplicationSceneManifest_Generation = YES;
				INFOPLIST_KEY_UIApplicationSupportsIndirectInputEvents = YES;
				INFOPLIST_KEY_UILaunchScreen_Generation = YES;
				INFOPLIST_KEY_UISupportedInterfaceOrientations_iPad = "UIInterfaceOrientationPortrait UIInterfaceOrientationPortraitUpsideDown UIInterfaceOrientationLandscapeLeft UIInterfaceOrientationLandscapeRight";
				INFOPLIST_KEY_UISupportedInterfaceOrientations_iPhone = "UIInterfaceOrientationPortrait UIInterfaceOrientationLandscapeLeft UIInterfaceOrientationLandscapeRight";
				LD_RUNPATH_SEARCH_PATHS = (
					"$(inherited)",
					"@executable_path/Frameworks",
				);
				MARKETING_VERSION = 1.0;
				PRODUCT_BUNDLE_IDENTIFIER = rogers.max.DNF.app;
				PRODUCT_NAME = "$(TARGET_NAME)";
				SWIFT_EMIT_LOC_STRINGS = YES;
				SWIFT_VERSION = 5.0;
				TARGETED_DEVICE_FAMILY = "1,2";
			};
			name = Debug;
		};
		AF717BE42851759F0011D0EE /* Release */ = {
			isa = XCBuildConfiguration;
			buildSettings = {
				ASSETCATALOG_COMPILER_APPICON_NAME = AppIcon;
				ASSETCATALOG_COMPILER_GLOBAL_ACCENT_COLOR_NAME = AccentColor;
				CODE_SIGN_STYLE = Automatic;
				CURRENT_PROJECT_VERSION = 1;
				DEVELOPMENT_ASSET_PATHS = "\"DNF/Preview Content\"";
				DEVELOPMENT_TEAM = 3JSTV9NEF8;
				ENABLE_PREVIEWS = YES;
				GENERATE_INFOPLIST_FILE = YES;
				INFOPLIST_FILE = "DNF/Resources/DNF-Info.plist";
				INFOPLIST_KEY_CFBundleDisplayName = DNF;
				INFOPLIST_KEY_UIApplicationSceneManifest_Generation = YES;
				INFOPLIST_KEY_UIApplicationSupportsIndirectInputEvents = YES;
				INFOPLIST_KEY_UILaunchScreen_Generation = YES;
				INFOPLIST_KEY_UISupportedInterfaceOrientations_iPad = "UIInterfaceOrientationPortrait UIInterfaceOrientationPortraitUpsideDown UIInterfaceOrientationLandscapeLeft UIInterfaceOrientationLandscapeRight";
				INFOPLIST_KEY_UISupportedInterfaceOrientations_iPhone = "UIInterfaceOrientationPortrait UIInterfaceOrientationLandscapeLeft UIInterfaceOrientationLandscapeRight";
				LD_RUNPATH_SEARCH_PATHS = (
					"$(inherited)",
					"@executable_path/Frameworks",
				);
				MARKETING_VERSION = 1.0;
				PRODUCT_BUNDLE_IDENTIFIER = rogers.max.DNF.app;
				PRODUCT_NAME = "$(TARGET_NAME)";
				SWIFT_EMIT_LOC_STRINGS = YES;
				SWIFT_VERSION = 5.0;
				TARGETED_DEVICE_FAMILY = "1,2";
			};
			name = Release;
		};
/* End XCBuildConfiguration section */

/* Begin XCConfigurationList section */
		AF717BCF2851759F0011D0EE /* Build configuration list for PBXProject "DNF" */ = {
			isa = XCConfigurationList;
			buildConfigurations = (
				AF717BE02851759F0011D0EE /* Debug */,
				AF717BE12851759F0011D0EE /* Release */,
			);
			defaultConfigurationIsVisible = 0;
			defaultConfigurationName = Release;
		};
		AF717BE22851759F0011D0EE /* Build configuration list for PBXNativeTarget "DNF" */ = {
			isa = XCConfigurationList;
			buildConfigurations = (
				AF717BE32851759F0011D0EE /* Debug */,
				AF717BE42851759F0011D0EE /* Release */,
			);
			defaultConfigurationIsVisible = 0;
			defaultConfigurationName = Release;
		};
/* End XCConfigurationList section */

/* Begin XCRemoteSwiftPackageReference section */
		AFBD40A6286514FF00117D9F /* XCRemoteSwiftPackageReference "Polyline" */ = {
			isa = XCRemoteSwiftPackageReference;
			repositoryURL = "https://github.com/raphaelmor/Polyline.git";
			requirement = {
				branch = master;
				kind = branch;
			};
		};
/* End XCRemoteSwiftPackageReference section */

/* Begin XCSwiftPackageProductDependency section */
		AFBD40A7286514FF00117D9F /* Polyline */ = {
			isa = XCSwiftPackageProductDependency;
			package = AFBD40A6286514FF00117D9F /* XCRemoteSwiftPackageReference "Polyline" */;
			productName = Polyline;
		};
/* End XCSwiftPackageProductDependency section */
	};
	rootObject = AF717BCC2851759F0011D0EE /* Project object */;
}
